
Microsoft Visual Studio Solution File, Format Version 12.00
# Visual Studio Version 17
VisualStudioVersion = 17.11.35327.3
MinimumVisualStudioVersion = 10.0.40219.1
Project("{FAE04EC0-301F-11D3-BF4B-00C04F79EFBC}") = "CupidService", "CupidService\CupidService.csproj", "{16026E4F-3480-4058-BAF9-E2236156EC76}"
EndProject
Project("{FAE04EC0-301F-11D3-BF4B-00C04F79EFBC}") = "CupidClient", "CupidClient\CupidClient.csproj", "{4DB496F1-3611-431E-8EA9-921204A67143}"
EndProject
Global
	GlobalSection(SolutionConfigurationPlatforms) = preSolution
		Debug|Any CPU = Debug|Any CPU
		Release|Any CPU = Release|Any CPU
	EndGlobalSection
	GlobalSection(ProjectConfigurationPlatforms) = postSolution
		{16026E4F-3480-4058-BAF9-E2236156EC76}.Debug|Any CPU.ActiveCfg = Debug|Any CPU
		{16026E4F-3480-4058-BAF9-E2236156EC76}.Debug|Any CPU.Build.0 = Debug|Any CPU
		{16026E4F-3480-4058-BAF9-E2236156EC76}.Release|Any CPU.ActiveCfg = Release|Any CPU
		{16026E4F-3480-4058-BAF9-E2236156EC76}.Release|Any CPU.Build.0 = Release|Any CPU
		{4DB496F1-3611-431E-8EA9-921204A67143}.Debug|Any CPU.ActiveCfg = Debug|Any CPU
		{4DB496F1-3611-431E-8EA9-921204A67143}.Debug|Any CPU.Build.0 = Debug|Any CPU
		{4DB496F1-3611-431E-8EA9-921204A67143}.Release|Any CPU.ActiveCfg = Release|Any CPU
		{4DB496F1-3611-431E-8EA9-921204A67143}.Release|Any CPU.Build.0 = Release|Any CPU
	EndGlobalSection
	GlobalSection(SolutionProperties) = preSolution
		HideSolutionNode = FALSE
	EndGlobalSection
	GlobalSection(ExtensibilityGlobals) = postSolution
		SolutionGuid = {6E469579-114B-4E0B-914C-2F9FA4E23BC9}
	EndGlobalSection
EndGlobal
